
Microsoft Visual Studio Solution File, Format Version 12.00
# Visual Studio Version 16
VisualStudioVersion = 16.0.29123.88
MinimumVisualStudioVersion = 10.0.40219.1
Project("{FAE04EC0-301F-11D3-BF4B-00C04F79EFBC}") = "projectintraduction", "projectintraduction.csproj", "{A24B087D-4569-4736-A1BB-3BECD241E237}"
EndProject
Global
	GlobalSection(SolutionConfigurationPlatforms) = preSolution
		Debug|Any CPU = Debug|Any CPU
		Release|Any CPU = Release|Any CPU
	EndGlobalSection
	GlobalSection(ProjectConfigurationPlatforms) = postSolution
		{A24B087D-4569-4736-A1BB-3BECD241E237}.Debug|Any CPU.ActiveCfg = Debug|Any CPU
		{A24B087D-4569-4736-A1BB-3BECD241E237}.Debug|Any CPU.Build.0 = Debug|Any CPU
		{A24B087D-4569-4736-A1BB-3BECD241E237}.Release|Any CPU.ActiveCfg = Release|Any CPU
		{A24B087D-4569-4736-A1BB-3BECD241E237}.Release|Any CPU.Build.0 = Release|Any CPU
	EndGlobalSection
	GlobalSection(SolutionProperties) = preSolution
		HideSolutionNode = FALSE
	EndGlobalSection
	GlobalSection(ExtensibilityGlobals) = postSolution
		SolutionGuid = {87F9AF38-8A93-4297-AA48-0F92407FEFD2}
	EndGlobalSection
EndGlobal
